
Microsoft Visual Studio Solution File, Format Version 12.00
# Visual Studio Version 16
VisualStudioVersion = 16.0.33214.272
MinimumVisualStudioVersion = 10.0.40219.1
Project("{FAE04EC0-301F-11D3-BF4B-00C04F79EFBC}") = "Tarea Progamacion 2", "Tarea Progamacion 2\Tarea Progamacion 2.csproj", "{A86D31AA-AF28-468E-A07B-04A76225C703}"
EndProject
Global
	GlobalSection(SolutionConfigurationPlatforms) = preSolution
		Debug|Any CPU = Debug|Any CPU
		Release|Any CPU = Release|Any CPU
	EndGlobalSection
	GlobalSection(ProjectConfigurationPlatforms) = postSolution
		{A86D31AA-AF28-468E-A07B-04A76225C703}.Debug|Any CPU.ActiveCfg = Debug|Any CPU
		{A86D31AA-AF28-468E-A07B-04A76225C703}.Debug|Any CPU.Build.0 = Debug|Any CPU
		{A86D31AA-AF28-468E-A07B-04A76225C703}.Release|Any CPU.ActiveCfg = Release|Any CPU
		{A86D31AA-AF28-468E-A07B-04A76225C703}.Release|Any CPU.Build.0 = Release|Any CPU
	EndGlobalSection
	GlobalSection(SolutionProperties) = preSolution
		HideSolutionNode = FALSE
	EndGlobalSection
	GlobalSection(ExtensibilityGlobals) = postSolution
		SolutionGuid = {5E7741FC-2B6D-4961-B846-FAF323D872F3}
	EndGlobalSection
EndGlobal
